
Microsoft Visual Studio Solution File, Format Version 12.00
# Visual Studio 15
VisualStudioVersion = 15.0.28307.1022
MinimumVisualStudioVersion = 10.0.40219.1
Project("{8BC9CEB8-8B4A-11D0-8D11-00A0C91BC942}") = "ch_2_1", "Learn_C++\Learn_C++.vcxproj", "{B80D9A06-DB40-4AB0-8C3C-6F1CC1DA4531}"
EndProject
Project("{8BC9CEB8-8B4A-11D0-8D11-00A0C91BC942}") = "ch_2_6", "ch_2_6\ch_2_6.vcxproj", "{CDDA9C91-E88A-4829-9365-B9BF1662D5C6}"
EndProject
Project("{8BC9CEB8-8B4A-11D0-8D11-00A0C91BC942}") = "pr_ch_2_6", "pr_ch_2_6\pr_ch_2_6.vcxproj", "{40B203AF-3A58-4CAA-98C7-1836C5273D12}"
EndProject
Project("{8BC9CEB8-8B4A-11D0-8D11-00A0C91BC942}") = "ch_2_7", "ch_2_7\ch_2_7.vcxproj", "{8ABC6936-C308-4213-A7E5-BB28A8C2A1E5}"
EndProject
Project("{8BC9CEB8-8B4A-11D0-8D11-00A0C91BC942}") = "ch_2_8", "ch_2_8\ch_2_8.vcxproj", "{A8417B1E-B641-45CA-9BEE-ABB7D25D8AEA}"
EndProject
Project("{8BC9CEB8-8B4A-11D0-8D11-00A0C91BC942}") = "ch_2_9", "ch_2_9\ch_2_9.vcxproj", "{6C1C4B71-564D-4082-8BD9-DB3C12E6E34E}"
EndProject
Project("{8BC9CEB8-8B4A-11D0-8D11-00A0C91BC942}") = "ch_3_1", "ch_3_1\ch_3_1.vcxproj", "{32BCA39C-F14D-4C2F-BE7A-055B7E1AF47C}"
EndProject
Project("{8BC9CEB8-8B4A-11D0-8D11-00A0C91BC942}") = "ch_6_1", "ch_6_1\ch_6_1.vcxproj", "{0BEB0E28-05C4-4185-9F3A-FC4703282B5D}"
EndProject
Project("{8BC9CEB8-8B4A-11D0-8D11-00A0C91BC942}") = "ch_6_3", "ch_6_3\ch_6_3.vcxproj", "{2B3990A4-E729-49E7-A35D-E32FBD1AA5FE}"
EndProject
Project("{8BC9CEB8-8B4A-11D0-8D11-00A0C91BC942}") = "ch_6_4", "ch_6_4\ch_6_4.vcxproj", "{E2B73A16-9ACE-4256-B493-91878B25888D}"
EndProject
Project("{8BC9CEB8-8B4A-11D0-8D11-00A0C91BC942}") = "ch_6_5", "ch_6_5\ch_6_5.vcxproj", "{33C220DA-FD0C-48F6-9599-035C8B236650}"
EndProject
Project("{8BC9CEB8-8B4A-11D0-8D11-00A0C91BC942}") = "ch_6_6", "ch_6_6\ch_6_6.vcxproj", "{EC2F27F7-3010-4A05-8287-AA47EB44C626}"
EndProject
Project("{8BC9CEB8-8B4A-11D0-8D11-00A0C91BC942}") = "ch_6_7", "ch_6_7\ch_6_7.vcxproj", "{25D17C40-C3E6-4E11-A0E9-CD6076F947EE}"
EndProject
Project("{8BC9CEB8-8B4A-11D0-8D11-00A0C91BC942}") = "ch_6_7a", "ch_6_7a\ch_6_7a.vcxproj", "{8D88A69D-AA0E-4D78-BCC0-19C94E744642}"
EndProject
Project("{8BC9CEB8-8B4A-11D0-8D11-00A0C91BC942}") = "ch_6_8", "ch_6_8\ch_6_8.vcxproj", "{8B774E50-DD4A-48E3-88A1-1A59278A5282}"
EndProject
Project("{8BC9CEB8-8B4A-11D0-8D11-00A0C91BC942}") = "ch_6_9", "ch_6_9\ch_6_9.vcxproj", "{9FE31D7D-DC07-45B3-AF32-35450D35F11E}"
EndProject
Project("{8BC9CEB8-8B4A-11D0-8D11-00A0C91BC942}") = "ch_6_10", "ch_6_10\ch_6_10.vcxproj", "{004E6D36-AADA-48D8-A389-5382D037E24D}"
EndProject
Project("{8BC9CEB8-8B4A-11D0-8D11-00A0C91BC942}") = "ch_6_11", "ch_6_11\ch_6_11.vcxproj", "{761D4BCC-18A8-4358-B88E-86EAF1DB8BF4}"
EndProject
Project("{8BC9CEB8-8B4A-11D0-8D11-00A0C91BC942}") = "ch_6_12", "ch_6_12\ch_6_12.vcxproj", "{661D3A80-4793-4BDA-8004-C4F682934CB6}"
EndProject
Project("{8BC9CEB8-8B4A-11D0-8D11-00A0C91BC942}") = "ch_6_13", "ch_6_13\ch_6_13.vcxproj", "{670B0648-99D8-45B7-93EE-8C22E7E23722}"
EndProject
Project("{8BC9CEB8-8B4A-11D0-8D11-00A0C91BC942}") = "ch_6_14", "ch_6_14\ch_6_14.vcxproj", "{7C863DBA-6F58-4A3A-8FF9-6A3DEBA07191}"
EndProject
Project("{8BC9CEB8-8B4A-11D0-8D11-00A0C91BC942}") = "ch_6_15", "ch_6_15\ch_6_15.vcxproj", "{1518F080-66C9-433F-A324-8E2884DF1299}"
EndProject
Project("{8BC9CEB8-8B4A-11D0-8D11-00A0C91BC942}") = "ch_6_16", "ch_6_16\ch_6_16.vcxproj", "{B4F82815-CCF2-4346-AA01-D3839F3DE70E}"
EndProject
Project("{8BC9CEB8-8B4A-11D0-8D11-00A0C91BC942}") = "ch_6_17", "ch_6_17\ch_6_17.vcxproj", "{6E8B8D37-32A8-4E38-8082-40D0958E6922}"
EndProject
Project("{8BC9CEB8-8B4A-11D0-8D11-00A0C91BC942}") = "ch_6_18", "ch_6_18\ch_6_18.vcxproj", "{BFF724DD-CC85-4E1F-9D82-0FE7252A8401}"
EndProject
Project("{8BC9CEB8-8B4A-11D0-8D11-00A0C91BC942}") = "ch_6_19", "ch_6_19\ch_6_19.vcxproj", "{078B51EC-0857-4E11-888F-F42B7C81AC67}"
EndProject
Project("{8BC9CEB8-8B4A-11D0-8D11-00A0C91BC942}") = "ch_6_20", "ch_6_20\ch_6_20.vcxproj", "{4130D971-FE49-4F84-9F91-59920C2C4B57}"
EndProject
Project("{8BC9CEB8-8B4A-11D0-8D11-00A0C91BC942}") = "ch_6_21", "ch_6_21\ch_6_21.vcxproj", "{51C2A371-0A73-4F59-8264-61823B9DD7BF}"
EndProject
Project("{8BC9CEB8-8B4A-11D0-8D11-00A0C91BC942}") = "ch_7_1", "ch_7_1\ch_7_1.vcxproj", "{7D8FD6D1-247E-4C68-8A62-5AF715B0C2B0}"
EndProject
Project("{8BC9CEB8-8B4A-11D0-8D11-00A0C91BC942}") = "ch_7_2", "ch_7_2\ch_7_2.vcxproj", "{CBCC64B1-EF32-4E77-91D8-97F30CA0C5E3}"
EndProject
Project("{8BC9CEB8-8B4A-11D0-8D11-00A0C91BC942}") = "ch_7_3", "ch_7_3\ch_7_3.vcxproj", "{79C35AC9-464E-4D03-AEBA-2475BA869F42}"
EndProject
Project("{8BC9CEB8-8B4A-11D0-8D11-00A0C91BC942}") = "ch_7_4", "ch_7_4\ch_7_4.vcxproj", "{5BDF733D-B085-4DBE-B265-0F102D57D995}"
EndProject
Project("{8BC9CEB8-8B4A-11D0-8D11-00A0C91BC942}") = "ch_7_5", "ch_7_5\ch_7_5.vcxproj", "{4405C082-5F2F-4F52-B63F-63FF819DB14A}"
EndProject
Project("{8BC9CEB8-8B4A-11D0-8D11-00A0C91BC942}") = "ch_7_6", "ch_7_6\ch_7_6.vcxproj", "{BAEFC80B-23E6-4C15-8DBD-E8B22A6FE18C}"
EndProject
Project("{8BC9CEB8-8B4A-11D0-8D11-00A0C91BC942}") = "ch_7_8", "ch_7_8\ch_7_8.vcxproj", "{360323A2-A960-4362-9B3D-D4A6261FCF53}"
EndProject
Project("{8BC9CEB8-8B4A-11D0-8D11-00A0C91BC942}") = "ch_7_7", "ch_7_7\ch_7_7.vcxproj", "{15816EAB-4238-410A-BF88-75EB4806C82D}"
EndProject
Project("{8BC9CEB8-8B4A-11D0-8D11-00A0C91BC942}") = "ch_7_9", "ch_7_9\ch_7_9.vcxproj", "{4861CD4F-0421-4A0D-BDD8-0ED2B8C6081C}"
EndProject
Project("{8BC9CEB8-8B4A-11D0-8D11-00A0C91BC942}") = "ch_7_11", "ch_7_10\ch_7_10.vcxproj", "{28254337-1275-42B7-BA3D-8EC909094184}"
EndProject
Project("{8BC9CEB8-8B4A-11D0-8D11-00A0C91BC942}") = "ch_7_12", "ch_7_12\ch_7_12.vcxproj", "{02E57FCA-6F85-457F-851D-AB6EF3F7A65B}"
EndProject
Project("{8BC9CEB8-8B4A-11D0-8D11-00A0C91BC942}") = "ch_7_13", "ch_7_13\ch_7_13.vcxproj", "{01B7754F-34FA-4E75-9FB3-5DB56E734C7B}"
EndProject
Project("{8BC9CEB8-8B4A-11D0-8D11-00A0C91BC942}") = "ch_7_14", "ch_7_14\ch_7_14.vcxproj", "{008C6E7F-62A0-45C0-A3F3-07B7FA8C792C}"
EndProject
Project("{8BC9CEB8-8B4A-11D0-8D11-00A0C91BC942}") = "ch_7_15", "ch_7_15\ch_7_15.vcxproj", "{00899DD3-16AF-46C3-AED4-3BE6C64DEEB5}"
EndProject
Project("{8BC9CEB8-8B4A-11D0-8D11-00A0C91BC942}") = "ch_7_16", "ch_7_16\ch_7_16.vcxproj", "{55C9D7D7-61A4-4FC6-927A-769818535F7B}"
EndProject
Project("{8BC9CEB8-8B4A-11D0-8D11-00A0C91BC942}") = "ch_8_1", "ch_8)1\ch_8)1.vcxproj", "{3FB5AD3C-1E37-459E-9AE6-D4FD466C0392}"
EndProject
Project("{8BC9CEB8-8B4A-11D0-8D11-00A0C91BC942}") = "ch_8_2", "ch_8_2\ch_8_2.vcxproj", "{FC526A5B-3635-4634-AB18-0B76B87BB6A9}"
EndProject
Project("{8BC9CEB8-8B4A-11D0-8D11-00A0C91BC942}") = "ch_8_3", "ch_8_3\ch_8_3.vcxproj", "{557BF0E2-E051-4EDB-9599-266A97017336}"
EndProject
Project("{8BC9CEB8-8B4A-11D0-8D11-00A0C91BC942}") = "ch_8_4", "ch_8_4\ch_8_4.vcxproj", "{FCFF1276-C1A6-4847-8F4F-CC5C441EFA82}"
EndProject
Project("{8BC9CEB8-8B4A-11D0-8D11-00A0C91BC942}") = "ch_8_5", "ch_8_5\ch_8_5.vcxproj", "{41511C9C-164F-45F2-BF4B-B33E3CDCF427}"
EndProject
Project("{8BC9CEB8-8B4A-11D0-8D11-00A0C91BC942}") = "ch_8_6", "ch_8_6\ch_8_6.vcxproj", "{024B110A-88FA-4C06-9F76-F18AF3BA77FF}"
EndProject
Project("{8BC9CEB8-8B4A-11D0-8D11-00A0C91BC942}") = "ch_8_7", "ch_8)7\ch_8)7.vcxproj", "{316FD873-CB29-422B-8EE2-01713A3A96CC}"
EndProject
Project("{8BC9CEB8-8B4A-11D0-8D11-00A0C91BC942}") = "ch_8_8", "ch_8_8\ch_8_8.vcxproj", "{F04DB079-EF29-4954-8563-3A572935C5CA}"
EndProject
Project("{8BC9CEB8-8B4A-11D0-8D11-00A0C91BC942}") = "ch_8_9", "ch_8_9\ch_8_9.vcxproj", "{01377BD7-25A3-4164-BEE9-E2D661B3583D}"
EndProject
Project("{8BC9CEB8-8B4A-11D0-8D11-00A0C91BC942}") = "ch_20_1", "ch_20_1\ch_20_1.vcxproj", "{DC2E0BA1-1B9C-41FC-B97D-182A2F5237DD}"
EndProject
Project("{8BC9CEB8-8B4A-11D0-8D11-00A0C91BC942}") = "ch_8_10", "ch_8_10\ch_8_10.vcxproj", "{990B5247-FE74-4C79-8B83-77201EA290E6}"
EndProject
Project("{8BC9CEB8-8B4A-11D0-8D11-00A0C91BC942}") = "ch_8_11", "ch_8_11\ch_8_11.vcxproj", "{8FC49745-00F6-4916-8C77-B824EE1F79E9}"
EndProject
Project("{8BC9CEB8-8B4A-11D0-8D11-00A0C91BC942}") = "ch_8_12", "ch_8_12\ch_8_12.vcxproj", "{D3E0B3DC-4B06-492F-81FC-AEB45426BC7E}"
EndProject
Project("{8BC9CEB8-8B4A-11D0-8D11-00A0C91BC942}") = "ch_8_13", "ch_8_13\ch_8_13.vcxproj", "{65F4A137-264A-4408-B83A-4D042904F417}"
EndProject
Project("{8BC9CEB8-8B4A-11D0-8D11-00A0C91BC942}") = "ch_8_14", "ch_8_14\ch_8_14.vcxproj", "{6CE4AF78-2EBA-4DB5-BE76-F548E4E44984}"
EndProject
Global
	GlobalSection(SolutionConfigurationPlatforms) = preSolution
		Debug|x64 = Debug|x64
		Debug|x86 = Debug|x86
		Release|x64 = Release|x64
		Release|x86 = Release|x86
	EndGlobalSection
	GlobalSection(ProjectConfigurationPlatforms) = postSolution
		{B80D9A06-DB40-4AB0-8C3C-6F1CC1DA4531}.Debug|x64.ActiveCfg = Debug|x64
		{B80D9A06-DB40-4AB0-8C3C-6F1CC1DA4531}.Debug|x64.Build.0 = Debug|x64
		{B80D9A06-DB40-4AB0-8C3C-6F1CC1DA4531}.Debug|x86.ActiveCfg = Debug|Win32
		{B80D9A06-DB40-4AB0-8C3C-6F1CC1DA4531}.Debug|x86.Build.0 = Debug|Win32
		{B80D9A06-DB40-4AB0-8C3C-6F1CC1DA4531}.Release|x64.ActiveCfg = Release|x64
		{B80D9A06-DB40-4AB0-8C3C-6F1CC1DA4531}.Release|x64.Build.0 = Release|x64
		{B80D9A06-DB40-4AB0-8C3C-6F1CC1DA4531}.Release|x86.ActiveCfg = Release|Win32
		{B80D9A06-DB40-4AB0-8C3C-6F1CC1DA4531}.Release|x86.Build.0 = Release|Win32
		{CDDA9C91-E88A-4829-9365-B9BF1662D5C6}.Debug|x64.ActiveCfg = Debug|x64
		{CDDA9C91-E88A-4829-9365-B9BF1662D5C6}.Debug|x64.Build.0 = Debug|x64
		{CDDA9C91-E88A-4829-9365-B9BF1662D5C6}.Debug|x86.ActiveCfg = Debug|Win32
		{CDDA9C91-E88A-4829-9365-B9BF1662D5C6}.Debug|x86.Build.0 = Debug|Win32
		{CDDA9C91-E88A-4829-9365-B9BF1662D5C6}.Release|x64.ActiveCfg = Release|x64
		{CDDA9C91-E88A-4829-9365-B9BF1662D5C6}.Release|x64.Build.0 = Release|x64
		{CDDA9C91-E88A-4829-9365-B9BF1662D5C6}.Release|x86.ActiveCfg = Release|Win32
		{CDDA9C91-E88A-4829-9365-B9BF1662D5C6}.Release|x86.Build.0 = Release|Win32
		{40B203AF-3A58-4CAA-98C7-1836C5273D12}.Debug|x64.ActiveCfg = Debug|x64
		{40B203AF-3A58-4CAA-98C7-1836C5273D12}.Debug|x64.Build.0 = Debug|x64
		{40B203AF-3A58-4CAA-98C7-1836C5273D12}.Debug|x86.ActiveCfg = Debug|Win32
		{40B203AF-3A58-4CAA-98C7-1836C5273D12}.Debug|x86.Build.0 = Debug|Win32
		{40B203AF-3A58-4CAA-98C7-1836C5273D12}.Release|x64.ActiveCfg = Release|x64
		{40B203AF-3A58-4CAA-98C7-1836C5273D12}.Release|x64.Build.0 = Release|x64
		{40B203AF-3A58-4CAA-98C7-1836C5273D12}.Release|x86.ActiveCfg = Release|Win32
		{40B203AF-3A58-4CAA-98C7-1836C5273D12}.Release|x86.Build.0 = Release|Win32
		{8ABC6936-C308-4213-A7E5-BB28A8C2A1E5}.Debug|x64.ActiveCfg = Debug|x64
		{8ABC6936-C308-4213-A7E5-BB28A8C2A1E5}.Debug|x64.Build.0 = Debug|x64
		{8ABC6936-C308-4213-A7E5-BB28A8C2A1E5}.Debug|x86.ActiveCfg = Debug|Win32
		{8ABC6936-C308-4213-A7E5-BB28A8C2A1E5}.Debug|x86.Build.0 = Debug|Win32
		{8ABC6936-C308-4213-A7E5-BB28A8C2A1E5}.Release|x64.ActiveCfg = Release|x64
		{8ABC6936-C308-4213-A7E5-BB28A8C2A1E5}.Release|x64.Build.0 = Release|x64
		{8ABC6936-C308-4213-A7E5-BB28A8C2A1E5}.Release|x86.ActiveCfg = Release|Win32
		{8ABC6936-C308-4213-A7E5-BB28A8C2A1E5}.Release|x86.Build.0 = Release|Win32
		{A8417B1E-B641-45CA-9BEE-ABB7D25D8AEA}.Debug|x64.ActiveCfg = Debug|x64
		{A8417B1E-B641-45CA-9BEE-ABB7D25D8AEA}.Debug|x64.Build.0 = Debug|x64
		{A8417B1E-B641-45CA-9BEE-ABB7D25D8AEA}.Debug|x86.ActiveCfg = Debug|Win32
		{A8417B1E-B641-45CA-9BEE-ABB7D25D8AEA}.Debug|x86.Build.0 = Debug|Win32
		{A8417B1E-B641-45CA-9BEE-ABB7D25D8AEA}.Release|x64.ActiveCfg = Release|x64
		{A8417B1E-B641-45CA-9BEE-ABB7D25D8AEA}.Release|x64.Build.0 = Release|x64
		{A8417B1E-B641-45CA-9BEE-ABB7D25D8AEA}.Release|x86.ActiveCfg = Release|Win32
		{A8417B1E-B641-45CA-9BEE-ABB7D25D8AEA}.Release|x86.Build.0 = Release|Win32
		{6C1C4B71-564D-4082-8BD9-DB3C12E6E34E}.Debug|x64.ActiveCfg = Debug|x64
		{6C1C4B71-564D-4082-8BD9-DB3C12E6E34E}.Debug|x64.Build.0 = Debug|x64
		{6C1C4B71-564D-4082-8BD9-DB3C12E6E34E}.Debug|x86.ActiveCfg = Debug|Win32
		{6C1C4B71-564D-4082-8BD9-DB3C12E6E34E}.Debug|x86.Build.0 = Debug|Win32
		{6C1C4B71-564D-4082-8BD9-DB3C12E6E34E}.Release|x64.ActiveCfg = Release|x64
		{6C1C4B71-564D-4082-8BD9-DB3C12E6E34E}.Release|x64.Build.0 = Release|x64
		{6C1C4B71-564D-4082-8BD9-DB3C12E6E34E}.Release|x86.ActiveCfg = Release|Win32
		{6C1C4B71-564D-4082-8BD9-DB3C12E6E34E}.Release|x86.Build.0 = Release|Win32
		{32BCA39C-F14D-4C2F-BE7A-055B7E1AF47C}.Debug|x64.ActiveCfg = Debug|x64
		{32BCA39C-F14D-4C2F-BE7A-055B7E1AF47C}.Debug|x64.Build.0 = Debug|x64
		{32BCA39C-F14D-4C2F-BE7A-055B7E1AF47C}.Debug|x86.ActiveCfg = Debug|Win32
		{32BCA39C-F14D-4C2F-BE7A-055B7E1AF47C}.Debug|x86.Build.0 = Debug|Win32
		{32BCA39C-F14D-4C2F-BE7A-055B7E1AF47C}.Release|x64.ActiveCfg = Release|x64
		{32BCA39C-F14D-4C2F-BE7A-055B7E1AF47C}.Release|x64.Build.0 = Release|x64
		{32BCA39C-F14D-4C2F-BE7A-055B7E1AF47C}.Release|x86.ActiveCfg = Release|Win32
		{32BCA39C-F14D-4C2F-BE7A-055B7E1AF47C}.Release|x86.Build.0 = Release|Win32
		{0BEB0E28-05C4-4185-9F3A-FC4703282B5D}.Debug|x64.ActiveCfg = Debug|x64
		{0BEB0E28-05C4-4185-9F3A-FC4703282B5D}.Debug|x64.Build.0 = Debug|x64
		{0BEB0E28-05C4-4185-9F3A-FC4703282B5D}.Debug|x86.ActiveCfg = Debug|Win32
		{0BEB0E28-05C4-4185-9F3A-FC4703282B5D}.Debug|x86.Build.0 = Debug|Win32
		{0BEB0E28-05C4-4185-9F3A-FC4703282B5D}.Release|x64.ActiveCfg = Release|x64
		{0BEB0E28-05C4-4185-9F3A-FC4703282B5D}.Release|x64.Build.0 = Release|x64
		{0BEB0E28-05C4-4185-9F3A-FC4703282B5D}.Release|x86.ActiveCfg = Release|Win32
		{0BEB0E28-05C4-4185-9F3A-FC4703282B5D}.Release|x86.Build.0 = Release|Win32
		{2B3990A4-E729-49E7-A35D-E32FBD1AA5FE}.Debug|x64.ActiveCfg = Debug|x64
		{2B3990A4-E729-49E7-A35D-E32FBD1AA5FE}.Debug|x64.Build.0 = Debug|x64
		{2B3990A4-E729-49E7-A35D-E32FBD1AA5FE}.Debug|x86.ActiveCfg = Debug|Win32
		{2B3990A4-E729-49E7-A35D-E32FBD1AA5FE}.Debug|x86.Build.0 = Debug|Win32
		{2B3990A4-E729-49E7-A35D-E32FBD1AA5FE}.Release|x64.ActiveCfg = Release|x64
		{2B3990A4-E729-49E7-A35D-E32FBD1AA5FE}.Release|x64.Build.0 = Release|x64
		{2B3990A4-E729-49E7-A35D-E32FBD1AA5FE}.Release|x86.ActiveCfg = Release|Win32
		{2B3990A4-E729-49E7-A35D-E32FBD1AA5FE}.Release|x86.Build.0 = Release|Win32
		{E2B73A16-9ACE-4256-B493-91878B25888D}.Debug|x64.ActiveCfg = Debug|x64
		{E2B73A16-9ACE-4256-B493-91878B25888D}.Debug|x64.Build.0 = Debug|x64
		{E2B73A16-9ACE-4256-B493-91878B25888D}.Debug|x86.ActiveCfg = Debug|Win32
		{E2B73A16-9ACE-4256-B493-91878B25888D}.Debug|x86.Build.0 = Debug|Win32
		{E2B73A16-9ACE-4256-B493-91878B25888D}.Release|x64.ActiveCfg = Release|x64
		{E2B73A16-9ACE-4256-B493-91878B25888D}.Release|x64.Build.0 = Release|x64
		{E2B73A16-9ACE-4256-B493-91878B25888D}.Release|x86.ActiveCfg = Release|Win32
		{E2B73A16-9ACE-4256-B493-91878B25888D}.Release|x86.Build.0 = Release|Win32
		{33C220DA-FD0C-48F6-9599-035C8B236650}.Debug|x64.ActiveCfg = Debug|x64
		{33C220DA-FD0C-48F6-9599-035C8B236650}.Debug|x64.Build.0 = Debug|x64
		{33C220DA-FD0C-48F6-9599-035C8B236650}.Debug|x86.ActiveCfg = Debug|Win32
		{33C220DA-FD0C-48F6-9599-035C8B236650}.Debug|x86.Build.0 = Debug|Win32
		{33C220DA-FD0C-48F6-9599-035C8B236650}.Release|x64.ActiveCfg = Release|x64
		{33C220DA-FD0C-48F6-9599-035C8B236650}.Release|x64.Build.0 = Release|x64
		{33C220DA-FD0C-48F6-9599-035C8B236650}.Release|x86.ActiveCfg = Release|Win32
		{33C220DA-FD0C-48F6-9599-035C8B236650}.Release|x86.Build.0 = Release|Win32
		{EC2F27F7-3010-4A05-8287-AA47EB44C626}.Debug|x64.ActiveCfg = Debug|x64
		{EC2F27F7-3010-4A05-8287-AA47EB44C626}.Debug|x64.Build.0 = Debug|x64
		{EC2F27F7-3010-4A05-8287-AA47EB44C626}.Debug|x86.ActiveCfg = Debug|Win32
		{EC2F27F7-3010-4A05-8287-AA47EB44C626}.Debug|x86.Build.0 = Debug|Win32
		{EC2F27F7-3010-4A05-8287-AA47EB44C626}.Release|x64.ActiveCfg = Release|x64
		{EC2F27F7-3010-4A05-8287-AA47EB44C626}.Release|x64.Build.0 = Release|x64
		{EC2F27F7-3010-4A05-8287-AA47EB44C626}.Release|x86.ActiveCfg = Release|Win32
		{EC2F27F7-3010-4A05-8287-AA47EB44C626}.Release|x86.Build.0 = Release|Win32
		{25D17C40-C3E6-4E11-A0E9-CD6076F947EE}.Debug|x64.ActiveCfg = Debug|x64
		{25D17C40-C3E6-4E11-A0E9-CD6076F947EE}.Debug|x64.Build.0 = Debug|x64
		{25D17C40-C3E6-4E11-A0E9-CD6076F947EE}.Debug|x86.ActiveCfg = Debug|Win32
		{25D17C40-C3E6-4E11-A0E9-CD6076F947EE}.Debug|x86.Build.0 = Debug|Win32
		{25D17C40-C3E6-4E11-A0E9-CD6076F947EE}.Release|x64.ActiveCfg = Release|x64
		{25D17C40-C3E6-4E11-A0E9-CD6076F947EE}.Release|x64.Build.0 = Release|x64
		{25D17C40-C3E6-4E11-A0E9-CD6076F947EE}.Release|x86.ActiveCfg = Release|Win32
		{25D17C40-C3E6-4E11-A0E9-CD6076F947EE}.Release|x86.Build.0 = Release|Win32
		{8D88A69D-AA0E-4D78-BCC0-19C94E744642}.Debug|x64.ActiveCfg = Debug|x64
		{8D88A69D-AA0E-4D78-BCC0-19C94E744642}.Debug|x64.Build.0 = Debug|x64
		{8D88A69D-AA0E-4D78-BCC0-19C94E744642}.Debug|x86.ActiveCfg = Debug|Win32
		{8D88A69D-AA0E-4D78-BCC0-19C94E744642}.Debug|x86.Build.0 = Debug|Win32
		{8D88A69D-AA0E-4D78-BCC0-19C94E744642}.Release|x64.ActiveCfg = Release|x64
		{8D88A69D-AA0E-4D78-BCC0-19C94E744642}.Release|x64.Build.0 = Release|x64
		{8D88A69D-AA0E-4D78-BCC0-19C94E744642}.Release|x86.ActiveCfg = Release|Win32
		{8D88A69D-AA0E-4D78-BCC0-19C94E744642}.Release|x86.Build.0 = Release|Win32
		{8B774E50-DD4A-48E3-88A1-1A59278A5282}.Debug|x64.ActiveCfg = Debug|x64
		{8B774E50-DD4A-48E3-88A1-1A59278A5282}.Debug|x64.Build.0 = Debug|x64
		{8B774E50-DD4A-48E3-88A1-1A59278A5282}.Debug|x86.ActiveCfg = Debug|Win32
		{8B774E50-DD4A-48E3-88A1-1A59278A5282}.Debug|x86.Build.0 = Debug|Win32
		{8B774E50-DD4A-48E3-88A1-1A59278A5282}.Release|x64.ActiveCfg = Release|x64
		{8B774E50-DD4A-48E3-88A1-1A59278A5282}.Release|x64.Build.0 = Release|x64
		{8B774E50-DD4A-48E3-88A1-1A59278A5282}.Release|x86.ActiveCfg = Release|Win32
		{8B774E50-DD4A-48E3-88A1-1A59278A5282}.Release|x86.Build.0 = Release|Win32
		{9FE31D7D-DC07-45B3-AF32-35450D35F11E}.Debug|x64.ActiveCfg = Debug|x64
		{9FE31D7D-DC07-45B3-AF32-35450D35F11E}.Debug|x64.Build.0 = Debug|x64
		{9FE31D7D-DC07-45B3-AF32-35450D35F11E}.Debug|x86.ActiveCfg = Debug|Win32
		{9FE31D7D-DC07-45B3-AF32-35450D35F11E}.Debug|x86.Build.0 = Debug|Win32
		{9FE31D7D-DC07-45B3-AF32-35450D35F11E}.Release|x64.ActiveCfg = Release|x64
		{9FE31D7D-DC07-45B3-AF32-35450D35F11E}.Release|x64.Build.0 = Release|x64
		{9FE31D7D-DC07-45B3-AF32-35450D35F11E}.Release|x86.ActiveCfg = Release|Win32
		{9FE31D7D-DC07-45B3-AF32-35450D35F11E}.Release|x86.Build.0 = Release|Win32
		{004E6D36-AADA-48D8-A389-5382D037E24D}.Debug|x64.ActiveCfg = Debug|x64
		{004E6D36-AADA-48D8-A389-5382D037E24D}.Debug|x64.Build.0 = Debug|x64
		{004E6D36-AADA-48D8-A389-5382D037E24D}.Debug|x86.ActiveCfg = Debug|Win32
		{004E6D36-AADA-48D8-A389-5382D037E24D}.Debug|x86.Build.0 = Debug|Win32
		{004E6D36-AADA-48D8-A389-5382D037E24D}.Release|x64.ActiveCfg = Release|x64
		{004E6D36-AADA-48D8-A389-5382D037E24D}.Release|x64.Build.0 = Release|x64
		{004E6D36-AADA-48D8-A389-5382D037E24D}.Release|x86.ActiveCfg = Release|Win32
		{004E6D36-AADA-48D8-A389-5382D037E24D}.Release|x86.Build.0 = Release|Win32
		{761D4BCC-18A8-4358-B88E-86EAF1DB8BF4}.Debug|x64.ActiveCfg = Debug|x64
		{761D4BCC-18A8-4358-B88E-86EAF1DB8BF4}.Debug|x64.Build.0 = Debug|x64
		{761D4BCC-18A8-4358-B88E-86EAF1DB8BF4}.Debug|x86.ActiveCfg = Debug|Win32
		{761D4BCC-18A8-4358-B88E-86EAF1DB8BF4}.Debug|x86.Build.0 = Debug|Win32
		{761D4BCC-18A8-4358-B88E-86EAF1DB8BF4}.Release|x64.ActiveCfg = Release|x64
		{761D4BCC-18A8-4358-B88E-86EAF1DB8BF4}.Release|x64.Build.0 = Release|x64
		{761D4BCC-18A8-4358-B88E-86EAF1DB8BF4}.Release|x86.ActiveCfg = Release|Win32
		{761D4BCC-18A8-4358-B88E-86EAF1DB8BF4}.Release|x86.Build.0 = Release|Win32
		{661D3A80-4793-4BDA-8004-C4F682934CB6}.Debug|x64.ActiveCfg = Debug|x64
		{661D3A80-4793-4BDA-8004-C4F682934CB6}.Debug|x64.Build.0 = Debug|x64
		{661D3A80-4793-4BDA-8004-C4F682934CB6}.Debug|x86.ActiveCfg = Debug|Win32
		{661D3A80-4793-4BDA-8004-C4F682934CB6}.Debug|x86.Build.0 = Debug|Win32
		{661D3A80-4793-4BDA-8004-C4F682934CB6}.Release|x64.ActiveCfg = Release|x64
		{661D3A80-4793-4BDA-8004-C4F682934CB6}.Release|x64.Build.0 = Release|x64
		{661D3A80-4793-4BDA-8004-C4F682934CB6}.Release|x86.ActiveCfg = Release|Win32
		{661D3A80-4793-4BDA-8004-C4F682934CB6}.Release|x86.Build.0 = Release|Win32
		{670B0648-99D8-45B7-93EE-8C22E7E23722}.Debug|x64.ActiveCfg = Debug|x64
		{670B0648-99D8-45B7-93EE-8C22E7E23722}.Debug|x64.Build.0 = Debug|x64
		{670B0648-99D8-45B7-93EE-8C22E7E23722}.Debug|x86.ActiveCfg = Debug|Win32
		{670B0648-99D8-45B7-93EE-8C22E7E23722}.Debug|x86.Build.0 = Debug|Win32
		{670B0648-99D8-45B7-93EE-8C22E7E23722}.Release|x64.ActiveCfg = Release|x64
		{670B0648-99D8-45B7-93EE-8C22E7E23722}.Release|x64.Build.0 = Release|x64
		{670B0648-99D8-45B7-93EE-8C22E7E23722}.Release|x86.ActiveCfg = Release|Win32
		{670B0648-99D8-45B7-93EE-8C22E7E23722}.Release|x86.Build.0 = Release|Win32
		{7C863DBA-6F58-4A3A-8FF9-6A3DEBA07191}.Debug|x64.ActiveCfg = Debug|x64
		{7C863DBA-6F58-4A3A-8FF9-6A3DEBA07191}.Debug|x64.Build.0 = Debug|x64
		{7C863DBA-6F58-4A3A-8FF9-6A3DEBA07191}.Debug|x86.ActiveCfg = Debug|Win32
		{7C863DBA-6F58-4A3A-8FF9-6A3DEBA07191}.Debug|x86.Build.0 = Debug|Win32
		{7C863DBA-6F58-4A3A-8FF9-6A3DEBA07191}.Release|x64.ActiveCfg = Release|x64
		{7C863DBA-6F58-4A3A-8FF9-6A3DEBA07191}.Release|x64.Build.0 = Release|x64
		{7C863DBA-6F58-4A3A-8FF9-6A3DEBA07191}.Release|x86.ActiveCfg = Release|Win32
		{7C863DBA-6F58-4A3A-8FF9-6A3DEBA07191}.Release|x86.Build.0 = Release|Win32
		{1518F080-66C9-433F-A324-8E2884DF1299}.Debug|x64.ActiveCfg = Debug|x64
		{1518F080-66C9-433F-A324-8E2884DF1299}.Debug|x64.Build.0 = Debug|x64
		{1518F080-66C9-433F-A324-8E2884DF1299}.Debug|x86.ActiveCfg = Debug|Win32
		{1518F080-66C9-433F-A324-8E2884DF1299}.Debug|x86.Build.0 = Debug|Win32
		{1518F080-66C9-433F-A324-8E2884DF1299}.Release|x64.ActiveCfg = Release|x64
		{1518F080-66C9-433F-A324-8E2884DF1299}.Release|x64.Build.0 = Release|x64
		{1518F080-66C9-433F-A324-8E2884DF1299}.Release|x86.ActiveCfg = Release|Win32
		{1518F080-66C9-433F-A324-8E2884DF1299}.Release|x86.Build.0 = Release|Win32
		{B4F82815-CCF2-4346-AA01-D3839F3DE70E}.Debug|x64.ActiveCfg = Debug|x64
		{B4F82815-CCF2-4346-AA01-D3839F3DE70E}.Debug|x64.Build.0 = Debug|x64
		{B4F82815-CCF2-4346-AA01-D3839F3DE70E}.Debug|x86.ActiveCfg = Debug|Win32
		{B4F82815-CCF2-4346-AA01-D3839F3DE70E}.Debug|x86.Build.0 = Debug|Win32
		{B4F82815-CCF2-4346-AA01-D3839F3DE70E}.Release|x64.ActiveCfg = Release|x64
		{B4F82815-CCF2-4346-AA01-D3839F3DE70E}.Release|x64.Build.0 = Release|x64
		{B4F82815-CCF2-4346-AA01-D3839F3DE70E}.Release|x86.ActiveCfg = Release|Win32
		{B4F82815-CCF2-4346-AA01-D3839F3DE70E}.Release|x86.Build.0 = Release|Win32
		{6E8B8D37-32A8-4E38-8082-40D0958E6922}.Debug|x64.ActiveCfg = Debug|x64
		{6E8B8D37-32A8-4E38-8082-40D0958E6922}.Debug|x64.Build.0 = Debug|x64
		{6E8B8D37-32A8-4E38-8082-40D0958E6922}.Debug|x86.ActiveCfg = Debug|Win32
		{6E8B8D37-32A8-4E38-8082-40D0958E6922}.Debug|x86.Build.0 = Debug|Win32
		{6E8B8D37-32A8-4E38-8082-40D0958E6922}.Release|x64.ActiveCfg = Release|x64
		{6E8B8D37-32A8-4E38-8082-40D0958E6922}.Release|x64.Build.0 = Release|x64
		{6E8B8D37-32A8-4E38-8082-40D0958E6922}.Release|x86.ActiveCfg = Release|Win32
		{6E8B8D37-32A8-4E38-8082-40D0958E6922}.Release|x86.Build.0 = Release|Win32
		{BFF724DD-CC85-4E1F-9D82-0FE7252A8401}.Debug|x64.ActiveCfg = Debug|x64
		{BFF724DD-CC85-4E1F-9D82-0FE7252A8401}.Debug|x64.Build.0 = Debug|x64
		{BFF724DD-CC85-4E1F-9D82-0FE7252A8401}.Debug|x86.ActiveCfg = Debug|Win32
		{BFF724DD-CC85-4E1F-9D82-0FE7252A8401}.Debug|x86.Build.0 = Debug|Win32
		{BFF724DD-CC85-4E1F-9D82-0FE7252A8401}.Release|x64.ActiveCfg = Release|x64
		{BFF724DD-CC85-4E1F-9D82-0FE7252A8401}.Release|x64.Build.0 = Release|x64
		{BFF724DD-CC85-4E1F-9D82-0FE7252A8401}.Release|x86.ActiveCfg = Release|Win32
		{BFF724DD-CC85-4E1F-9D82-0FE7252A8401}.Release|x86.Build.0 = Release|Win32
		{078B51EC-0857-4E11-888F-F42B7C81AC67}.Debug|x64.ActiveCfg = Debug|x64
		{078B51EC-0857-4E11-888F-F42B7C81AC67}.Debug|x64.Build.0 = Debug|x64
		{078B51EC-0857-4E11-888F-F42B7C81AC67}.Debug|x86.ActiveCfg = Debug|Win32
		{078B51EC-0857-4E11-888F-F42B7C81AC67}.Debug|x86.Build.0 = Debug|Win32
		{078B51EC-0857-4E11-888F-F42B7C81AC67}.Release|x64.ActiveCfg = Release|x64
		{078B51EC-0857-4E11-888F-F42B7C81AC67}.Release|x64.Build.0 = Release|x64
		{078B51EC-0857-4E11-888F-F42B7C81AC67}.Release|x86.ActiveCfg = Release|Win32
		{078B51EC-0857-4E11-888F-F42B7C81AC67}.Release|x86.Build.0 = Release|Win32
		{4130D971-FE49-4F84-9F91-59920C2C4B57}.Debug|x64.ActiveCfg = Debug|x64
		{4130D971-FE49-4F84-9F91-59920C2C4B57}.Debug|x64.Build.0 = Debug|x64
		{4130D971-FE49-4F84-9F91-59920C2C4B57}.Debug|x86.ActiveCfg = Debug|Win32
		{4130D971-FE49-4F84-9F91-59920C2C4B57}.Debug|x86.Build.0 = Debug|Win32
		{4130D971-FE49-4F84-9F91-59920C2C4B57}.Release|x64.ActiveCfg = Release|x64
		{4130D971-FE49-4F84-9F91-59920C2C4B57}.Release|x64.Build.0 = Release|x64
		{4130D971-FE49-4F84-9F91-59920C2C4B57}.Release|x86.ActiveCfg = Release|Win32
		{4130D971-FE49-4F84-9F91-59920C2C4B57}.Release|x86.Build.0 = Release|Win32
		{51C2A371-0A73-4F59-8264-61823B9DD7BF}.Debug|x64.ActiveCfg = Debug|x64
		{51C2A371-0A73-4F59-8264-61823B9DD7BF}.Debug|x64.Build.0 = Debug|x64
		{51C2A371-0A73-4F59-8264-61823B9DD7BF}.Debug|x86.ActiveCfg = Debug|Win32
		{51C2A371-0A73-4F59-8264-61823B9DD7BF}.Debug|x86.Build.0 = Debug|Win32
		{51C2A371-0A73-4F59-8264-61823B9DD7BF}.Release|x64.ActiveCfg = Release|x64
		{51C2A371-0A73-4F59-8264-61823B9DD7BF}.Release|x64.Build.0 = Release|x64
		{51C2A371-0A73-4F59-8264-61823B9DD7BF}.Release|x86.ActiveCfg = Release|Win32
		{51C2A371-0A73-4F59-8264-61823B9DD7BF}.Release|x86.Build.0 = Release|Win32
		{7D8FD6D1-247E-4C68-8A62-5AF715B0C2B0}.Debug|x64.ActiveCfg = Debug|x64
		{7D8FD6D1-247E-4C68-8A62-5AF715B0C2B0}.Debug|x64.Build.0 = Debug|x64
		{7D8FD6D1-247E-4C68-8A62-5AF715B0C2B0}.Debug|x86.ActiveCfg = Debug|Win32
		{7D8FD6D1-247E-4C68-8A62-5AF715B0C2B0}.Debug|x86.Build.0 = Debug|Win32
		{7D8FD6D1-247E-4C68-8A62-5AF715B0C2B0}.Release|x64.ActiveCfg = Release|x64
		{7D8FD6D1-247E-4C68-8A62-5AF715B0C2B0}.Release|x64.Build.0 = Release|x64
		{7D8FD6D1-247E-4C68-8A62-5AF715B0C2B0}.Release|x86.ActiveCfg = Release|Win32
		{7D8FD6D1-247E-4C68-8A62-5AF715B0C2B0}.Release|x86.Build.0 = Release|Win32
		{CBCC64B1-EF32-4E77-91D8-97F30CA0C5E3}.Debug|x64.ActiveCfg = Debug|x64
		{CBCC64B1-EF32-4E77-91D8-97F30CA0C5E3}.Debug|x64.Build.0 = Debug|x64
		{CBCC64B1-EF32-4E77-91D8-97F30CA0C5E3}.Debug|x86.ActiveCfg = Debug|Win32
		{CBCC64B1-EF32-4E77-91D8-97F30CA0C5E3}.Debug|x86.Build.0 = Debug|Win32
		{CBCC64B1-EF32-4E77-91D8-97F30CA0C5E3}.Release|x64.ActiveCfg = Release|x64
		{CBCC64B1-EF32-4E77-91D8-97F30CA0C5E3}.Release|x64.Build.0 = Release|x64
		{CBCC64B1-EF32-4E77-91D8-97F30CA0C5E3}.Release|x86.ActiveCfg = Release|Win32
		{CBCC64B1-EF32-4E77-91D8-97F30CA0C5E3}.Release|x86.Build.0 = Release|Win32
		{79C35AC9-464E-4D03-AEBA-2475BA869F42}.Debug|x64.ActiveCfg = Debug|x64
		{79C35AC9-464E-4D03-AEBA-2475BA869F42}.Debug|x64.Build.0 = Debug|x64
		{79C35AC9-464E-4D03-AEBA-2475BA869F42}.Debug|x86.ActiveCfg = Debug|Win32
		{79C35AC9-464E-4D03-AEBA-2475BA869F42}.Debug|x86.Build.0 = Debug|Win32
		{79C35AC9-464E-4D03-AEBA-2475BA869F42}.Release|x64.ActiveCfg = Release|x64
		{79C35AC9-464E-4D03-AEBA-2475BA869F42}.Release|x64.Build.0 = Release|x64
		{79C35AC9-464E-4D03-AEBA-2475BA869F42}.Release|x86.ActiveCfg = Release|Win32
		{79C35AC9-464E-4D03-AEBA-2475BA869F42}.Release|x86.Build.0 = Release|Win32
		{5BDF733D-B085-4DBE-B265-0F102D57D995}.Debug|x64.ActiveCfg = Debug|x64
		{5BDF733D-B085-4DBE-B265-0F102D57D995}.Debug|x64.Build.0 = Debug|x64
		{5BDF733D-B085-4DBE-B265-0F102D57D995}.Debug|x86.ActiveCfg = Debug|Win32
		{5BDF733D-B085-4DBE-B265-0F102D57D995}.Debug|x86.Build.0 = Debug|Win32
		{5BDF733D-B085-4DBE-B265-0F102D57D995}.Release|x64.ActiveCfg = Release|x64
		{5BDF733D-B085-4DBE-B265-0F102D57D995}.Release|x64.Build.0 = Release|x64
		{5BDF733D-B085-4DBE-B265-0F102D57D995}.Release|x86.ActiveCfg = Release|Win32
		{5BDF733D-B085-4DBE-B265-0F102D57D995}.Release|x86.Build.0 = Release|Win32
		{4405C082-5F2F-4F52-B63F-63FF819DB14A}.Debug|x64.ActiveCfg = Debug|x64
		{4405C082-5F2F-4F52-B63F-63FF819DB14A}.Debug|x64.Build.0 = Debug|x64
		{4405C082-5F2F-4F52-B63F-63FF819DB14A}.Debug|x86.ActiveCfg = Debug|Win32
		{4405C082-5F2F-4F52-B63F-63FF819DB14A}.Debug|x86.Build.0 = Debug|Win32
		{4405C082-5F2F-4F52-B63F-63FF819DB14A}.Release|x64.ActiveCfg = Release|x64
		{4405C082-5F2F-4F52-B63F-63FF819DB14A}.Release|x64.Build.0 = Release|x64
		{4405C082-5F2F-4F52-B63F-63FF819DB14A}.Release|x86.ActiveCfg = Release|Win32
		{4405C082-5F2F-4F52-B63F-63FF819DB14A}.Release|x86.Build.0 = Release|Win32
		{BAEFC80B-23E6-4C15-8DBD-E8B22A6FE18C}.Debug|x64.ActiveCfg = Debug|x64
		{BAEFC80B-23E6-4C15-8DBD-E8B22A6FE18C}.Debug|x64.Build.0 = Debug|x64
		{BAEFC80B-23E6-4C15-8DBD-E8B22A6FE18C}.Debug|x86.ActiveCfg = Debug|Win32
		{BAEFC80B-23E6-4C15-8DBD-E8B22A6FE18C}.Debug|x86.Build.0 = Debug|Win32
		{BAEFC80B-23E6-4C15-8DBD-E8B22A6FE18C}.Release|x64.ActiveCfg = Release|x64
		{BAEFC80B-23E6-4C15-8DBD-E8B22A6FE18C}.Release|x64.Build.0 = Release|x64
		{BAEFC80B-23E6-4C15-8DBD-E8B22A6FE18C}.Release|x86.ActiveCfg = Release|Win32
		{BAEFC80B-23E6-4C15-8DBD-E8B22A6FE18C}.Release|x86.Build.0 = Release|Win32
		{360323A2-A960-4362-9B3D-D4A6261FCF53}.Debug|x64.ActiveCfg = Debug|x64
		{360323A2-A960-4362-9B3D-D4A6261FCF53}.Debug|x64.Build.0 = Debug|x64
		{360323A2-A960-4362-9B3D-D4A6261FCF53}.Debug|x86.ActiveCfg = Debug|Win32
		{360323A2-A960-4362-9B3D-D4A6261FCF53}.Debug|x86.Build.0 = Debug|Win32
		{360323A2-A960-4362-9B3D-D4A6261FCF53}.Release|x64.ActiveCfg = Release|x64
		{360323A2-A960-4362-9B3D-D4A6261FCF53}.Release|x64.Build.0 = Release|x64
		{360323A2-A960-4362-9B3D-D4A6261FCF53}.Release|x86.ActiveCfg = Release|Win32
		{360323A2-A960-4362-9B3D-D4A6261FCF53}.Release|x86.Build.0 = Release|Win32
		{15816EAB-4238-410A-BF88-75EB4806C82D}.Debug|x64.ActiveCfg = Debug|x64
		{15816EAB-4238-410A-BF88-75EB4806C82D}.Debug|x64.Build.0 = Debug|x64
		{15816EAB-4238-410A-BF88-75EB4806C82D}.Debug|x86.ActiveCfg = Debug|Win32
		{15816EAB-4238-410A-BF88-75EB4806C82D}.Debug|x86.Build.0 = Debug|Win32
		{15816EAB-4238-410A-BF88-75EB4806C82D}.Release|x64.ActiveCfg = Release|x64
		{15816EAB-4238-410A-BF88-75EB4806C82D}.Release|x64.Build.0 = Release|x64
		{15816EAB-4238-410A-BF88-75EB4806C82D}.Release|x86.ActiveCfg = Release|Win32
		{15816EAB-4238-410A-BF88-75EB4806C82D}.Release|x86.Build.0 = Release|Win32
		{4861CD4F-0421-4A0D-BDD8-0ED2B8C6081C}.Debug|x64.ActiveCfg = Debug|x64
		{4861CD4F-0421-4A0D-BDD8-0ED2B8C6081C}.Debug|x64.Build.0 = Debug|x64
		{4861CD4F-0421-4A0D-BDD8-0ED2B8C6081C}.Debug|x86.ActiveCfg = Debug|Win32
		{4861CD4F-0421-4A0D-BDD8-0ED2B8C6081C}.Debug|x86.Build.0 = Debug|Win32
		{4861CD4F-0421-4A0D-BDD8-0ED2B8C6081C}.Release|x64.ActiveCfg = Release|x64
		{4861CD4F-0421-4A0D-BDD8-0ED2B8C6081C}.Release|x64.Build.0 = Release|x64
		{4861CD4F-0421-4A0D-BDD8-0ED2B8C6081C}.Release|x86.ActiveCfg = Release|Win32
		{4861CD4F-0421-4A0D-BDD8-0ED2B8C6081C}.Release|x86.Build.0 = Release|Win32
		{28254337-1275-42B7-BA3D-8EC909094184}.Debug|x64.ActiveCfg = Debug|x64
		{28254337-1275-42B7-BA3D-8EC909094184}.Debug|x64.Build.0 = Debug|x64
		{28254337-1275-42B7-BA3D-8EC909094184}.Debug|x86.ActiveCfg = Debug|Win32
		{28254337-1275-42B7-BA3D-8EC909094184}.Debug|x86.Build.0 = Debug|Win32
		{28254337-1275-42B7-BA3D-8EC909094184}.Release|x64.ActiveCfg = Release|x64
		{28254337-1275-42B7-BA3D-8EC909094184}.Release|x64.Build.0 = Release|x64
		{28254337-1275-42B7-BA3D-8EC909094184}.Release|x86.ActiveCfg = Release|Win32
		{28254337-1275-42B7-BA3D-8EC909094184}.Release|x86.Build.0 = Release|Win32
		{02E57FCA-6F85-457F-851D-AB6EF3F7A65B}.Debug|x64.ActiveCfg = Debug|x64
		{02E57FCA-6F85-457F-851D-AB6EF3F7A65B}.Debug|x64.Build.0 = Debug|x64
		{02E57FCA-6F85-457F-851D-AB6EF3F7A65B}.Debug|x86.ActiveCfg = Debug|Win32
		{02E57FCA-6F85-457F-851D-AB6EF3F7A65B}.Debug|x86.Build.0 = Debug|Win32
		{02E57FCA-6F85-457F-851D-AB6EF3F7A65B}.Release|x64.ActiveCfg = Release|x64
		{02E57FCA-6F85-457F-851D-AB6EF3F7A65B}.Release|x64.Build.0 = Release|x64
		{02E57FCA-6F85-457F-851D-AB6EF3F7A65B}.Release|x86.ActiveCfg = Release|Win32
		{02E57FCA-6F85-457F-851D-AB6EF3F7A65B}.Release|x86.Build.0 = Release|Win32
		{01B7754F-34FA-4E75-9FB3-5DB56E734C7B}.Debug|x64.ActiveCfg = Debug|x64
		{01B7754F-34FA-4E75-9FB3-5DB56E734C7B}.Debug|x64.Build.0 = Debug|x64
		{01B7754F-34FA-4E75-9FB3-5DB56E734C7B}.Debug|x86.ActiveCfg = Debug|Win32
		{01B7754F-34FA-4E75-9FB3-5DB56E734C7B}.Debug|x86.Build.0 = Debug|Win32
		{01B7754F-34FA-4E75-9FB3-5DB56E734C7B}.Release|x64.ActiveCfg = Release|x64
		{01B7754F-34FA-4E75-9FB3-5DB56E734C7B}.Release|x64.Build.0 = Release|x64
		{01B7754F-34FA-4E75-9FB3-5DB56E734C7B}.Release|x86.ActiveCfg = Release|Win32
		{01B7754F-34FA-4E75-9FB3-5DB56E734C7B}.Release|x86.Build.0 = Release|Win32
		{008C6E7F-62A0-45C0-A3F3-07B7FA8C792C}.Debug|x64.ActiveCfg = Debug|x64
		{008C6E7F-62A0-45C0-A3F3-07B7FA8C792C}.Debug|x64.Build.0 = Debug|x64
		{008C6E7F-62A0-45C0-A3F3-07B7FA8C792C}.Debug|x86.ActiveCfg = Debug|Win32
		{008C6E7F-62A0-45C0-A3F3-07B7FA8C792C}.Debug|x86.Build.0 = Debug|Win32
		{008C6E7F-62A0-45C0-A3F3-07B7FA8C792C}.Release|x64.ActiveCfg = Release|x64
		{008C6E7F-62A0-45C0-A3F3-07B7FA8C792C}.Release|x64.Build.0 = Release|x64
		{008C6E7F-62A0-45C0-A3F3-07B7FA8C792C}.Release|x86.ActiveCfg = Release|Win32
		{008C6E7F-62A0-45C0-A3F3-07B7FA8C792C}.Release|x86.Build.0 = Release|Win32
		{00899DD3-16AF-46C3-AED4-3BE6C64DEEB5}.Debug|x64.ActiveCfg = Debug|x64
		{00899DD3-16AF-46C3-AED4-3BE6C64DEEB5}.Debug|x64.Build.0 = Debug|x64
		{00899DD3-16AF-46C3-AED4-3BE6C64DEEB5}.Debug|x86.ActiveCfg = Debug|Win32
		{00899DD3-16AF-46C3-AED4-3BE6C64DEEB5}.Debug|x86.Build.0 = Debug|Win32
		{00899DD3-16AF-46C3-AED4-3BE6C64DEEB5}.Release|x64.ActiveCfg = Release|x64
		{00899DD3-16AF-46C3-AED4-3BE6C64DEEB5}.Release|x64.Build.0 = Release|x64
		{00899DD3-16AF-46C3-AED4-3BE6C64DEEB5}.Release|x86.ActiveCfg = Release|Win32
		{00899DD3-16AF-46C3-AED4-3BE6C64DEEB5}.Release|x86.Build.0 = Release|Win32
		{55C9D7D7-61A4-4FC6-927A-769818535F7B}.Debug|x64.ActiveCfg = Debug|x64
		{55C9D7D7-61A4-4FC6-927A-769818535F7B}.Debug|x64.Build.0 = Debug|x64
		{55C9D7D7-61A4-4FC6-927A-769818535F7B}.Debug|x86.ActiveCfg = Debug|Win32
		{55C9D7D7-61A4-4FC6-927A-769818535F7B}.Debug|x86.Build.0 = Debug|Win32
		{55C9D7D7-61A4-4FC6-927A-769818535F7B}.Release|x64.ActiveCfg = Release|x64
		{55C9D7D7-61A4-4FC6-927A-769818535F7B}.Release|x64.Build.0 = Release|x64
		{55C9D7D7-61A4-4FC6-927A-769818535F7B}.Release|x86.ActiveCfg = Release|Win32
		{55C9D7D7-61A4-4FC6-927A-769818535F7B}.Release|x86.Build.0 = Release|Win32
		{3FB5AD3C-1E37-459E-9AE6-D4FD466C0392}.Debug|x64.ActiveCfg = Debug|x64
		{3FB5AD3C-1E37-459E-9AE6-D4FD466C0392}.Debug|x64.Build.0 = Debug|x64
		{3FB5AD3C-1E37-459E-9AE6-D4FD466C0392}.Debug|x86.ActiveCfg = Debug|Win32
		{3FB5AD3C-1E37-459E-9AE6-D4FD466C0392}.Debug|x86.Build.0 = Debug|Win32
		{3FB5AD3C-1E37-459E-9AE6-D4FD466C0392}.Release|x64.ActiveCfg = Release|x64
		{3FB5AD3C-1E37-459E-9AE6-D4FD466C0392}.Release|x64.Build.0 = Release|x64
		{3FB5AD3C-1E37-459E-9AE6-D4FD466C0392}.Release|x86.ActiveCfg = Release|Win32
		{3FB5AD3C-1E37-459E-9AE6-D4FD466C0392}.Release|x86.Build.0 = Release|Win32
		{FC526A5B-3635-4634-AB18-0B76B87BB6A9}.Debug|x64.ActiveCfg = Debug|x64
		{FC526A5B-3635-4634-AB18-0B76B87BB6A9}.Debug|x64.Build.0 = Debug|x64
		{FC526A5B-3635-4634-AB18-0B76B87BB6A9}.Debug|x86.ActiveCfg = Debug|Win32
		{FC526A5B-3635-4634-AB18-0B76B87BB6A9}.Debug|x86.Build.0 = Debug|Win32
		{FC526A5B-3635-4634-AB18-0B76B87BB6A9}.Release|x64.ActiveCfg = Release|x64
		{FC526A5B-3635-4634-AB18-0B76B87BB6A9}.Release|x64.Build.0 = Release|x64
		{FC526A5B-3635-4634-AB18-0B76B87BB6A9}.Release|x86.ActiveCfg = Release|Win32
		{FC526A5B-3635-4634-AB18-0B76B87BB6A9}.Release|x86.Build.0 = Release|Win32
		{557BF0E2-E051-4EDB-9599-266A97017336}.Debug|x64.ActiveCfg = Debug|x64
		{557BF0E2-E051-4EDB-9599-266A97017336}.Debug|x64.Build.0 = Debug|x64
		{557BF0E2-E051-4EDB-9599-266A97017336}.Debug|x86.ActiveCfg = Debug|Win32
		{557BF0E2-E051-4EDB-9599-266A97017336}.Debug|x86.Build.0 = Debug|Win32
		{557BF0E2-E051-4EDB-9599-266A97017336}.Release|x64.ActiveCfg = Release|x64
		{557BF0E2-E051-4EDB-9599-266A97017336}.Release|x64.Build.0 = Release|x64
		{557BF0E2-E051-4EDB-9599-266A97017336}.Release|x86.ActiveCfg = Release|Win32
		{557BF0E2-E051-4EDB-9599-266A97017336}.Release|x86.Build.0 = Release|Win32
		{FCFF1276-C1A6-4847-8F4F-CC5C441EFA82}.Debug|x64.ActiveCfg = Debug|x64
		{FCFF1276-C1A6-4847-8F4F-CC5C441EFA82}.Debug|x64.Build.0 = Debug|x64
		{FCFF1276-C1A6-4847-8F4F-CC5C441EFA82}.Debug|x86.ActiveCfg = Debug|Win32
		{FCFF1276-C1A6-4847-8F4F-CC5C441EFA82}.Debug|x86.Build.0 = Debug|Win32
		{FCFF1276-C1A6-4847-8F4F-CC5C441EFA82}.Release|x64.ActiveCfg = Release|x64
		{FCFF1276-C1A6-4847-8F4F-CC5C441EFA82}.Release|x64.Build.0 = Release|x64
		{FCFF1276-C1A6-4847-8F4F-CC5C441EFA82}.Release|x86.ActiveCfg = Release|Win32
		{FCFF1276-C1A6-4847-8F4F-CC5C441EFA82}.Release|x86.Build.0 = Release|Win32
		{41511C9C-164F-45F2-BF4B-B33E3CDCF427}.Debug|x64.ActiveCfg = Debug|x64
		{41511C9C-164F-45F2-BF4B-B33E3CDCF427}.Debug|x64.Build.0 = Debug|x64
		{41511C9C-164F-45F2-BF4B-B33E3CDCF427}.Debug|x86.ActiveCfg = Debug|Win32
		{41511C9C-164F-45F2-BF4B-B33E3CDCF427}.Debug|x86.Build.0 = Debug|Win32
		{41511C9C-164F-45F2-BF4B-B33E3CDCF427}.Release|x64.ActiveCfg = Release|x64
		{41511C9C-164F-45F2-BF4B-B33E3CDCF427}.Release|x64.Build.0 = Release|x64
		{41511C9C-164F-45F2-BF4B-B33E3CDCF427}.Release|x86.ActiveCfg = Release|Win32
		{41511C9C-164F-45F2-BF4B-B33E3CDCF427}.Release|x86.Build.0 = Release|Win32
		{024B110A-88FA-4C06-9F76-F18AF3BA77FF}.Debug|x64.ActiveCfg = Debug|x64
		{024B110A-88FA-4C06-9F76-F18AF3BA77FF}.Debug|x64.Build.0 = Debug|x64
		{024B110A-88FA-4C06-9F76-F18AF3BA77FF}.Debug|x86.ActiveCfg = Debug|Win32
		{024B110A-88FA-4C06-9F76-F18AF3BA77FF}.Debug|x86.Build.0 = Debug|Win32
		{024B110A-88FA-4C06-9F76-F18AF3BA77FF}.Release|x64.ActiveCfg = Release|x64
		{024B110A-88FA-4C06-9F76-F18AF3BA77FF}.Release|x64.Build.0 = Release|x64
		{024B110A-88FA-4C06-9F76-F18AF3BA77FF}.Release|x86.ActiveCfg = Release|Win32
		{024B110A-88FA-4C06-9F76-F18AF3BA77FF}.Release|x86.Build.0 = Release|Win32
		{316FD873-CB29-422B-8EE2-01713A3A96CC}.Debug|x64.ActiveCfg = Debug|x64
		{316FD873-CB29-422B-8EE2-01713A3A96CC}.Debug|x64.Build.0 = Debug|x64
		{316FD873-CB29-422B-8EE2-01713A3A96CC}.Debug|x86.ActiveCfg = Debug|Win32
		{316FD873-CB29-422B-8EE2-01713A3A96CC}.Debug|x86.Build.0 = Debug|Win32
		{316FD873-CB29-422B-8EE2-01713A3A96CC}.Release|x64.ActiveCfg = Release|x64
		{316FD873-CB29-422B-8EE2-01713A3A96CC}.Release|x64.Build.0 = Release|x64
		{316FD873-CB29-422B-8EE2-01713A3A96CC}.Release|x86.ActiveCfg = Release|Win32
		{316FD873-CB29-422B-8EE2-01713A3A96CC}.Release|x86.Build.0 = Release|Win32
		{F04DB079-EF29-4954-8563-3A572935C5CA}.Debug|x64.ActiveCfg = Debug|x64
		{F04DB079-EF29-4954-8563-3A572935C5CA}.Debug|x64.Build.0 = Debug|x64
		{F04DB079-EF29-4954-8563-3A572935C5CA}.Debug|x86.ActiveCfg = Debug|Win32
		{F04DB079-EF29-4954-8563-3A572935C5CA}.Debug|x86.Build.0 = Debug|Win32
		{F04DB079-EF29-4954-8563-3A572935C5CA}.Release|x64.ActiveCfg = Release|x64
		{F04DB079-EF29-4954-8563-3A572935C5CA}.Release|x64.Build.0 = Release|x64
		{F04DB079-EF29-4954-8563-3A572935C5CA}.Release|x86.ActiveCfg = Release|Win32
		{F04DB079-EF29-4954-8563-3A572935C5CA}.Release|x86.Build.0 = Release|Win32
		{01377BD7-25A3-4164-BEE9-E2D661B3583D}.Debug|x64.ActiveCfg = Debug|x64
		{01377BD7-25A3-4164-BEE9-E2D661B3583D}.Debug|x64.Build.0 = Debug|x64
		{01377BD7-25A3-4164-BEE9-E2D661B3583D}.Debug|x86.ActiveCfg = Debug|Win32
		{01377BD7-25A3-4164-BEE9-E2D661B3583D}.Debug|x86.Build.0 = Debug|Win32
		{01377BD7-25A3-4164-BEE9-E2D661B3583D}.Release|x64.ActiveCfg = Release|x64
		{01377BD7-25A3-4164-BEE9-E2D661B3583D}.Release|x64.Build.0 = Release|x64
		{01377BD7-25A3-4164-BEE9-E2D661B3583D}.Release|x86.ActiveCfg = Release|Win32
		{01377BD7-25A3-4164-BEE9-E2D661B3583D}.Release|x86.Build.0 = Release|Win32
		{DC2E0BA1-1B9C-41FC-B97D-182A2F5237DD}.Debug|x64.ActiveCfg = Debug|x64
		{DC2E0BA1-1B9C-41FC-B97D-182A2F5237DD}.Debug|x64.Build.0 = Debug|x64
		{DC2E0BA1-1B9C-41FC-B97D-182A2F5237DD}.Debug|x86.ActiveCfg = Debug|Win32
		{DC2E0BA1-1B9C-41FC-B97D-182A2F5237DD}.Debug|x86.Build.0 = Debug|Win32
		{DC2E0BA1-1B9C-41FC-B97D-182A2F5237DD}.Release|x64.ActiveCfg = Release|x64
		{DC2E0BA1-1B9C-41FC-B97D-182A2F5237DD}.Release|x64.Build.0 = Release|x64
		{DC2E0BA1-1B9C-41FC-B97D-182A2F5237DD}.Release|x86.ActiveCfg = Release|Win32
		{DC2E0BA1-1B9C-41FC-B97D-182A2F5237DD}.Release|x86.Build.0 = Release|Win32
		{990B5247-FE74-4C79-8B83-77201EA290E6}.Debug|x64.ActiveCfg = Debug|x64
		{990B5247-FE74-4C79-8B83-77201EA290E6}.Debug|x64.Build.0 = Debug|x64
		{990B5247-FE74-4C79-8B83-77201EA290E6}.Debug|x86.ActiveCfg = Debug|Win32
		{990B5247-FE74-4C79-8B83-77201EA290E6}.Debug|x86.Build.0 = Debug|Win32
		{990B5247-FE74-4C79-8B83-77201EA290E6}.Release|x64.ActiveCfg = Release|x64
		{990B5247-FE74-4C79-8B83-77201EA290E6}.Release|x64.Build.0 = Release|x64
		{990B5247-FE74-4C79-8B83-77201EA290E6}.Release|x86.ActiveCfg = Release|Win32
		{990B5247-FE74-4C79-8B83-77201EA290E6}.Release|x86.Build.0 = Release|Win32
		{8FC49745-00F6-4916-8C77-B824EE1F79E9}.Debug|x64.ActiveCfg = Debug|x64
		{8FC49745-00F6-4916-8C77-B824EE1F79E9}.Debug|x64.Build.0 = Debug|x64
		{8FC49745-00F6-4916-8C77-B824EE1F79E9}.Debug|x86.ActiveCfg = Debug|Win32
		{8FC49745-00F6-4916-8C77-B824EE1F79E9}.Debug|x86.Build.0 = Debug|Win32
		{8FC49745-00F6-4916-8C77-B824EE1F79E9}.Release|x64.ActiveCfg = Release|x64
		{8FC49745-00F6-4916-8C77-B824EE1F79E9}.Release|x64.Build.0 = Release|x64
		{8FC49745-00F6-4916-8C77-B824EE1F79E9}.Release|x86.ActiveCfg = Release|Win32
		{8FC49745-00F6-4916-8C77-B824EE1F79E9}.Release|x86.Build.0 = Release|Win32
		{D3E0B3DC-4B06-492F-81FC-AEB45426BC7E}.Debug|x64.ActiveCfg = Debug|x64
		{D3E0B3DC-4B06-492F-81FC-AEB45426BC7E}.Debug|x64.Build.0 = Debug|x64
		{D3E0B3DC-4B06-492F-81FC-AEB45426BC7E}.Debug|x86.ActiveCfg = Debug|Win32
		{D3E0B3DC-4B06-492F-81FC-AEB45426BC7E}.Debug|x86.Build.0 = Debug|Win32
		{D3E0B3DC-4B06-492F-81FC-AEB45426BC7E}.Release|x64.ActiveCfg = Release|x64
		{D3E0B3DC-4B06-492F-81FC-AEB45426BC7E}.Release|x64.Build.0 = Release|x64
		{D3E0B3DC-4B06-492F-81FC-AEB45426BC7E}.Release|x86.ActiveCfg = Release|Win32
		{D3E0B3DC-4B06-492F-81FC-AEB45426BC7E}.Release|x86.Build.0 = Release|Win32
		{65F4A137-264A-4408-B83A-4D042904F417}.Debug|x64.ActiveCfg = Debug|x64
		{65F4A137-264A-4408-B83A-4D042904F417}.Debug|x64.Build.0 = Debug|x64
		{65F4A137-264A-4408-B83A-4D042904F417}.Debug|x86.ActiveCfg = Debug|Win32
		{65F4A137-264A-4408-B83A-4D042904F417}.Debug|x86.Build.0 = Debug|Win32
		{65F4A137-264A-4408-B83A-4D042904F417}.Release|x64.ActiveCfg = Release|x64
		{65F4A137-264A-4408-B83A-4D042904F417}.Release|x64.Build.0 = Release|x64
		{65F4A137-264A-4408-B83A-4D042904F417}.Release|x86.ActiveCfg = Release|Win32
		{65F4A137-264A-4408-B83A-4D042904F417}.Release|x86.Build.0 = Release|Win32
		{6CE4AF78-2EBA-4DB5-BE76-F548E4E44984}.Debug|x64.ActiveCfg = Debug|x64
		{6CE4AF78-2EBA-4DB5-BE76-F548E4E44984}.Debug|x64.Build.0 = Debug|x64
		{6CE4AF78-2EBA-4DB5-BE76-F548E4E44984}.Debug|x86.ActiveCfg = Debug|Win32
		{6CE4AF78-2EBA-4DB5-BE76-F548E4E44984}.Debug|x86.Build.0 = Debug|Win32
		{6CE4AF78-2EBA-4DB5-BE76-F548E4E44984}.Release|x64.ActiveCfg = Release|x64
		{6CE4AF78-2EBA-4DB5-BE76-F548E4E44984}.Release|x64.Build.0 = Release|x64
		{6CE4AF78-2EBA-4DB5-BE76-F548E4E44984}.Release|x86.ActiveCfg = Release|Win32
		{6CE4AF78-2EBA-4DB5-BE76-F548E4E44984}.Release|x86.Build.0 = Release|Win32
	EndGlobalSection
	GlobalSection(SolutionProperties) = preSolution
		HideSolutionNode = FALSE
	EndGlobalSection
	GlobalSection(ExtensibilityGlobals) = postSolution
		SolutionGuid = {BEA556D2-6A2B-4CDC-B4D4-83D0E0E6FEC5}
	EndGlobalSection
	GlobalSection(Performance) = preSolution
		HasPerformanceSessions = true
	EndGlobalSection
EndGlobal
