
Microsoft Visual Studio Solution File, Format Version 12.00
# Visual Studio 15
VisualStudioVersion = 15.0.28307.1022
MinimumVisualStudioVersion = 10.0.40219.1
Project("{8BC9CEB8-8B4A-11D0-8D11-00A0C91BC942}") = "Learn_C++", "Learn_C++\Learn_C++.vcxproj", "{B80D9A06-DB40-4AB0-8C3C-6F1CC1DA4531}"
EndProject
Project("{8BC9CEB8-8B4A-11D0-8D11-00A0C91BC942}") = "ch_2_6", "ch_2_6\ch_2_6.vcxproj", "{CDDA9C91-E88A-4829-9365-B9BF1662D5C6}"
EndProject
Project("{8BC9CEB8-8B4A-11D0-8D11-00A0C91BC942}") = "pr_ch_2_6", "pr_ch_2_6\pr_ch_2_6.vcxproj", "{40B203AF-3A58-4CAA-98C7-1836C5273D12}"
EndProject
Project("{8BC9CEB8-8B4A-11D0-8D11-00A0C91BC942}") = "ch_2_7", "ch_2_7\ch_2_7.vcxproj", "{8ABC6936-C308-4213-A7E5-BB28A8C2A1E5}"
EndProject
Project("{8BC9CEB8-8B4A-11D0-8D11-00A0C91BC942}") = "ch_2_8", "ch_2_8\ch_2_8.vcxproj", "{A8417B1E-B641-45CA-9BEE-ABB7D25D8AEA}"
EndProject
Project("{8BC9CEB8-8B4A-11D0-8D11-00A0C91BC942}") = "ch_2_9", "ch_2_9\ch_2_9.vcxproj", "{6C1C4B71-564D-4082-8BD9-DB3C12E6E34E}"
EndProject
Project("{8BC9CEB8-8B4A-11D0-8D11-00A0C91BC942}") = "ch_3_1", "ch_3_1\ch_3_1.vcxproj", "{32BCA39C-F14D-4C2F-BE7A-055B7E1AF47C}"
EndProject
Project("{8BC9CEB8-8B4A-11D0-8D11-00A0C91BC942}") = "ch_6_1", "ch_6_1\ch_6_1.vcxproj", "{0BEB0E28-05C4-4185-9F3A-FC4703282B5D}"
EndProject
Project("{8BC9CEB8-8B4A-11D0-8D11-00A0C91BC942}") = "ch_6_3", "ch_6_3\ch_6_3.vcxproj", "{2B3990A4-E729-49E7-A35D-E32FBD1AA5FE}"
EndProject
Project("{8BC9CEB8-8B4A-11D0-8D11-00A0C91BC942}") = "ch_6_4", "ch_6_4\ch_6_4.vcxproj", "{E2B73A16-9ACE-4256-B493-91878B25888D}"
EndProject
Project("{8BC9CEB8-8B4A-11D0-8D11-00A0C91BC942}") = "ch_6_5", "ch_6_5\ch_6_5.vcxproj", "{33C220DA-FD0C-48F6-9599-035C8B236650}"
EndProject
Project("{8BC9CEB8-8B4A-11D0-8D11-00A0C91BC942}") = "ch_6_6", "ch_6_6\ch_6_6.vcxproj", "{EC2F27F7-3010-4A05-8287-AA47EB44C626}"
EndProject
Project("{8BC9CEB8-8B4A-11D0-8D11-00A0C91BC942}") = "ch_6_7", "ch_6_7\ch_6_7.vcxproj", "{25D17C40-C3E6-4E11-A0E9-CD6076F947EE}"
EndProject
Project("{8BC9CEB8-8B4A-11D0-8D11-00A0C91BC942}") = "ch_6_7a", "ch_6_7a\ch_6_7a.vcxproj", "{8D88A69D-AA0E-4D78-BCC0-19C94E744642}"
EndProject
Project("{8BC9CEB8-8B4A-11D0-8D11-00A0C91BC942}") = "ch_6_8", "ch_6_8\ch_6_8.vcxproj", "{8B774E50-DD4A-48E3-88A1-1A59278A5282}"
EndProject
Project("{8BC9CEB8-8B4A-11D0-8D11-00A0C91BC942}") = "ch_6_9", "ch_6_9\ch_6_9.vcxproj", "{9FE31D7D-DC07-45B3-AF32-35450D35F11E}"
EndProject
Global
	GlobalSection(SolutionConfigurationPlatforms) = preSolution
		Debug|x64 = Debug|x64
		Debug|x86 = Debug|x86
		Release|x64 = Release|x64
		Release|x86 = Release|x86
	EndGlobalSection
	GlobalSection(ProjectConfigurationPlatforms) = postSolution
		{B80D9A06-DB40-4AB0-8C3C-6F1CC1DA4531}.Debug|x64.ActiveCfg = Debug|x64
		{B80D9A06-DB40-4AB0-8C3C-6F1CC1DA4531}.Debug|x64.Build.0 = Debug|x64
		{B80D9A06-DB40-4AB0-8C3C-6F1CC1DA4531}.Debug|x86.ActiveCfg = Debug|Win32
		{B80D9A06-DB40-4AB0-8C3C-6F1CC1DA4531}.Debug|x86.Build.0 = Debug|Win32
		{B80D9A06-DB40-4AB0-8C3C-6F1CC1DA4531}.Release|x64.ActiveCfg = Release|x64
		{B80D9A06-DB40-4AB0-8C3C-6F1CC1DA4531}.Release|x64.Build.0 = Release|x64
		{B80D9A06-DB40-4AB0-8C3C-6F1CC1DA4531}.Release|x86.ActiveCfg = Release|Win32
		{B80D9A06-DB40-4AB0-8C3C-6F1CC1DA4531}.Release|x86.Build.0 = Release|Win32
		{CDDA9C91-E88A-4829-9365-B9BF1662D5C6}.Debug|x64.ActiveCfg = Debug|x64
		{CDDA9C91-E88A-4829-9365-B9BF1662D5C6}.Debug|x64.Build.0 = Debug|x64
		{CDDA9C91-E88A-4829-9365-B9BF1662D5C6}.Debug|x86.ActiveCfg = Debug|Win32
		{CDDA9C91-E88A-4829-9365-B9BF1662D5C6}.Debug|x86.Build.0 = Debug|Win32
		{CDDA9C91-E88A-4829-9365-B9BF1662D5C6}.Release|x64.ActiveCfg = Release|x64
		{CDDA9C91-E88A-4829-9365-B9BF1662D5C6}.Release|x64.Build.0 = Release|x64
		{CDDA9C91-E88A-4829-9365-B9BF1662D5C6}.Release|x86.ActiveCfg = Release|Win32
		{CDDA9C91-E88A-4829-9365-B9BF1662D5C6}.Release|x86.Build.0 = Release|Win32
		{40B203AF-3A58-4CAA-98C7-1836C5273D12}.Debug|x64.ActiveCfg = Debug|x64
		{40B203AF-3A58-4CAA-98C7-1836C5273D12}.Debug|x64.Build.0 = Debug|x64
		{40B203AF-3A58-4CAA-98C7-1836C5273D12}.Debug|x86.ActiveCfg = Debug|Win32
		{40B203AF-3A58-4CAA-98C7-1836C5273D12}.Debug|x86.Build.0 = Debug|Win32
		{40B203AF-3A58-4CAA-98C7-1836C5273D12}.Release|x64.ActiveCfg = Release|x64
		{40B203AF-3A58-4CAA-98C7-1836C5273D12}.Release|x64.Build.0 = Release|x64
		{40B203AF-3A58-4CAA-98C7-1836C5273D12}.Release|x86.ActiveCfg = Release|Win32
		{40B203AF-3A58-4CAA-98C7-1836C5273D12}.Release|x86.Build.0 = Release|Win32
		{8ABC6936-C308-4213-A7E5-BB28A8C2A1E5}.Debug|x64.ActiveCfg = Debug|x64
		{8ABC6936-C308-4213-A7E5-BB28A8C2A1E5}.Debug|x64.Build.0 = Debug|x64
		{8ABC6936-C308-4213-A7E5-BB28A8C2A1E5}.Debug|x86.ActiveCfg = Debug|Win32
		{8ABC6936-C308-4213-A7E5-BB28A8C2A1E5}.Debug|x86.Build.0 = Debug|Win32
		{8ABC6936-C308-4213-A7E5-BB28A8C2A1E5}.Release|x64.ActiveCfg = Release|x64
		{8ABC6936-C308-4213-A7E5-BB28A8C2A1E5}.Release|x64.Build.0 = Release|x64
		{8ABC6936-C308-4213-A7E5-BB28A8C2A1E5}.Release|x86.ActiveCfg = Release|Win32
		{8ABC6936-C308-4213-A7E5-BB28A8C2A1E5}.Release|x86.Build.0 = Release|Win32
		{A8417B1E-B641-45CA-9BEE-ABB7D25D8AEA}.Debug|x64.ActiveCfg = Debug|x64
		{A8417B1E-B641-45CA-9BEE-ABB7D25D8AEA}.Debug|x64.Build.0 = Debug|x64
		{A8417B1E-B641-45CA-9BEE-ABB7D25D8AEA}.Debug|x86.ActiveCfg = Debug|Win32
		{A8417B1E-B641-45CA-9BEE-ABB7D25D8AEA}.Debug|x86.Build.0 = Debug|Win32
		{A8417B1E-B641-45CA-9BEE-ABB7D25D8AEA}.Release|x64.ActiveCfg = Release|x64
		{A8417B1E-B641-45CA-9BEE-ABB7D25D8AEA}.Release|x64.Build.0 = Release|x64
		{A8417B1E-B641-45CA-9BEE-ABB7D25D8AEA}.Release|x86.ActiveCfg = Release|Win32
		{A8417B1E-B641-45CA-9BEE-ABB7D25D8AEA}.Release|x86.Build.0 = Release|Win32
		{6C1C4B71-564D-4082-8BD9-DB3C12E6E34E}.Debug|x64.ActiveCfg = Debug|x64
		{6C1C4B71-564D-4082-8BD9-DB3C12E6E34E}.Debug|x64.Build.0 = Debug|x64
		{6C1C4B71-564D-4082-8BD9-DB3C12E6E34E}.Debug|x86.ActiveCfg = Debug|Win32
		{6C1C4B71-564D-4082-8BD9-DB3C12E6E34E}.Debug|x86.Build.0 = Debug|Win32
		{6C1C4B71-564D-4082-8BD9-DB3C12E6E34E}.Release|x64.ActiveCfg = Release|x64
		{6C1C4B71-564D-4082-8BD9-DB3C12E6E34E}.Release|x64.Build.0 = Release|x64
		{6C1C4B71-564D-4082-8BD9-DB3C12E6E34E}.Release|x86.ActiveCfg = Release|Win32
		{6C1C4B71-564D-4082-8BD9-DB3C12E6E34E}.Release|x86.Build.0 = Release|Win32
		{32BCA39C-F14D-4C2F-BE7A-055B7E1AF47C}.Debug|x64.ActiveCfg = Debug|x64
		{32BCA39C-F14D-4C2F-BE7A-055B7E1AF47C}.Debug|x64.Build.0 = Debug|x64
		{32BCA39C-F14D-4C2F-BE7A-055B7E1AF47C}.Debug|x86.ActiveCfg = Debug|Win32
		{32BCA39C-F14D-4C2F-BE7A-055B7E1AF47C}.Debug|x86.Build.0 = Debug|Win32
		{32BCA39C-F14D-4C2F-BE7A-055B7E1AF47C}.Release|x64.ActiveCfg = Release|x64
		{32BCA39C-F14D-4C2F-BE7A-055B7E1AF47C}.Release|x64.Build.0 = Release|x64
		{32BCA39C-F14D-4C2F-BE7A-055B7E1AF47C}.Release|x86.ActiveCfg = Release|Win32
		{32BCA39C-F14D-4C2F-BE7A-055B7E1AF47C}.Release|x86.Build.0 = Release|Win32
		{0BEB0E28-05C4-4185-9F3A-FC4703282B5D}.Debug|x64.ActiveCfg = Debug|x64
		{0BEB0E28-05C4-4185-9F3A-FC4703282B5D}.Debug|x64.Build.0 = Debug|x64
		{0BEB0E28-05C4-4185-9F3A-FC4703282B5D}.Debug|x86.ActiveCfg = Debug|Win32
		{0BEB0E28-05C4-4185-9F3A-FC4703282B5D}.Debug|x86.Build.0 = Debug|Win32
		{0BEB0E28-05C4-4185-9F3A-FC4703282B5D}.Release|x64.ActiveCfg = Release|x64
		{0BEB0E28-05C4-4185-9F3A-FC4703282B5D}.Release|x64.Build.0 = Release|x64
		{0BEB0E28-05C4-4185-9F3A-FC4703282B5D}.Release|x86.ActiveCfg = Release|Win32
		{0BEB0E28-05C4-4185-9F3A-FC4703282B5D}.Release|x86.Build.0 = Release|Win32
		{2B3990A4-E729-49E7-A35D-E32FBD1AA5FE}.Debug|x64.ActiveCfg = Debug|x64
		{2B3990A4-E729-49E7-A35D-E32FBD1AA5FE}.Debug|x64.Build.0 = Debug|x64
		{2B3990A4-E729-49E7-A35D-E32FBD1AA5FE}.Debug|x86.ActiveCfg = Debug|Win32
		{2B3990A4-E729-49E7-A35D-E32FBD1AA5FE}.Debug|x86.Build.0 = Debug|Win32
		{2B3990A4-E729-49E7-A35D-E32FBD1AA5FE}.Release|x64.ActiveCfg = Release|x64
		{2B3990A4-E729-49E7-A35D-E32FBD1AA5FE}.Release|x64.Build.0 = Release|x64
		{2B3990A4-E729-49E7-A35D-E32FBD1AA5FE}.Release|x86.ActiveCfg = Release|Win32
		{2B3990A4-E729-49E7-A35D-E32FBD1AA5FE}.Release|x86.Build.0 = Release|Win32
		{E2B73A16-9ACE-4256-B493-91878B25888D}.Debug|x64.ActiveCfg = Debug|x64
		{E2B73A16-9ACE-4256-B493-91878B25888D}.Debug|x64.Build.0 = Debug|x64
		{E2B73A16-9ACE-4256-B493-91878B25888D}.Debug|x86.ActiveCfg = Debug|Win32
		{E2B73A16-9ACE-4256-B493-91878B25888D}.Debug|x86.Build.0 = Debug|Win32
		{E2B73A16-9ACE-4256-B493-91878B25888D}.Release|x64.ActiveCfg = Release|x64
		{E2B73A16-9ACE-4256-B493-91878B25888D}.Release|x64.Build.0 = Release|x64
		{E2B73A16-9ACE-4256-B493-91878B25888D}.Release|x86.ActiveCfg = Release|Win32
		{E2B73A16-9ACE-4256-B493-91878B25888D}.Release|x86.Build.0 = Release|Win32
		{33C220DA-FD0C-48F6-9599-035C8B236650}.Debug|x64.ActiveCfg = Debug|x64
		{33C220DA-FD0C-48F6-9599-035C8B236650}.Debug|x64.Build.0 = Debug|x64
		{33C220DA-FD0C-48F6-9599-035C8B236650}.Debug|x86.ActiveCfg = Debug|Win32
		{33C220DA-FD0C-48F6-9599-035C8B236650}.Debug|x86.Build.0 = Debug|Win32
		{33C220DA-FD0C-48F6-9599-035C8B236650}.Release|x64.ActiveCfg = Release|x64
		{33C220DA-FD0C-48F6-9599-035C8B236650}.Release|x64.Build.0 = Release|x64
		{33C220DA-FD0C-48F6-9599-035C8B236650}.Release|x86.ActiveCfg = Release|Win32
		{33C220DA-FD0C-48F6-9599-035C8B236650}.Release|x86.Build.0 = Release|Win32
		{EC2F27F7-3010-4A05-8287-AA47EB44C626}.Debug|x64.ActiveCfg = Debug|x64
		{EC2F27F7-3010-4A05-8287-AA47EB44C626}.Debug|x64.Build.0 = Debug|x64
		{EC2F27F7-3010-4A05-8287-AA47EB44C626}.Debug|x86.ActiveCfg = Debug|Win32
		{EC2F27F7-3010-4A05-8287-AA47EB44C626}.Debug|x86.Build.0 = Debug|Win32
		{EC2F27F7-3010-4A05-8287-AA47EB44C626}.Release|x64.ActiveCfg = Release|x64
		{EC2F27F7-3010-4A05-8287-AA47EB44C626}.Release|x64.Build.0 = Release|x64
		{EC2F27F7-3010-4A05-8287-AA47EB44C626}.Release|x86.ActiveCfg = Release|Win32
		{EC2F27F7-3010-4A05-8287-AA47EB44C626}.Release|x86.Build.0 = Release|Win32
		{25D17C40-C3E6-4E11-A0E9-CD6076F947EE}.Debug|x64.ActiveCfg = Debug|x64
		{25D17C40-C3E6-4E11-A0E9-CD6076F947EE}.Debug|x64.Build.0 = Debug|x64
		{25D17C40-C3E6-4E11-A0E9-CD6076F947EE}.Debug|x86.ActiveCfg = Debug|Win32
		{25D17C40-C3E6-4E11-A0E9-CD6076F947EE}.Debug|x86.Build.0 = Debug|Win32
		{25D17C40-C3E6-4E11-A0E9-CD6076F947EE}.Release|x64.ActiveCfg = Release|x64
		{25D17C40-C3E6-4E11-A0E9-CD6076F947EE}.Release|x64.Build.0 = Release|x64
		{25D17C40-C3E6-4E11-A0E9-CD6076F947EE}.Release|x86.ActiveCfg = Release|Win32
		{25D17C40-C3E6-4E11-A0E9-CD6076F947EE}.Release|x86.Build.0 = Release|Win32
		{8D88A69D-AA0E-4D78-BCC0-19C94E744642}.Debug|x64.ActiveCfg = Debug|x64
		{8D88A69D-AA0E-4D78-BCC0-19C94E744642}.Debug|x64.Build.0 = Debug|x64
		{8D88A69D-AA0E-4D78-BCC0-19C94E744642}.Debug|x86.ActiveCfg = Debug|Win32
		{8D88A69D-AA0E-4D78-BCC0-19C94E744642}.Debug|x86.Build.0 = Debug|Win32
		{8D88A69D-AA0E-4D78-BCC0-19C94E744642}.Release|x64.ActiveCfg = Release|x64
		{8D88A69D-AA0E-4D78-BCC0-19C94E744642}.Release|x64.Build.0 = Release|x64
		{8D88A69D-AA0E-4D78-BCC0-19C94E744642}.Release|x86.ActiveCfg = Release|Win32
		{8D88A69D-AA0E-4D78-BCC0-19C94E744642}.Release|x86.Build.0 = Release|Win32
		{8B774E50-DD4A-48E3-88A1-1A59278A5282}.Debug|x64.ActiveCfg = Debug|x64
		{8B774E50-DD4A-48E3-88A1-1A59278A5282}.Debug|x64.Build.0 = Debug|x64
		{8B774E50-DD4A-48E3-88A1-1A59278A5282}.Debug|x86.ActiveCfg = Debug|Win32
		{8B774E50-DD4A-48E3-88A1-1A59278A5282}.Debug|x86.Build.0 = Debug|Win32
		{8B774E50-DD4A-48E3-88A1-1A59278A5282}.Release|x64.ActiveCfg = Release|x64
		{8B774E50-DD4A-48E3-88A1-1A59278A5282}.Release|x64.Build.0 = Release|x64
		{8B774E50-DD4A-48E3-88A1-1A59278A5282}.Release|x86.ActiveCfg = Release|Win32
		{8B774E50-DD4A-48E3-88A1-1A59278A5282}.Release|x86.Build.0 = Release|Win32
		{9FE31D7D-DC07-45B3-AF32-35450D35F11E}.Debug|x64.ActiveCfg = Debug|x64
		{9FE31D7D-DC07-45B3-AF32-35450D35F11E}.Debug|x64.Build.0 = Debug|x64
		{9FE31D7D-DC07-45B3-AF32-35450D35F11E}.Debug|x86.ActiveCfg = Debug|Win32
		{9FE31D7D-DC07-45B3-AF32-35450D35F11E}.Debug|x86.Build.0 = Debug|Win32
		{9FE31D7D-DC07-45B3-AF32-35450D35F11E}.Release|x64.ActiveCfg = Release|x64
		{9FE31D7D-DC07-45B3-AF32-35450D35F11E}.Release|x64.Build.0 = Release|x64
		{9FE31D7D-DC07-45B3-AF32-35450D35F11E}.Release|x86.ActiveCfg = Release|Win32
		{9FE31D7D-DC07-45B3-AF32-35450D35F11E}.Release|x86.Build.0 = Release|Win32
	EndGlobalSection
	GlobalSection(SolutionProperties) = preSolution
		HideSolutionNode = FALSE
	EndGlobalSection
	GlobalSection(ExtensibilityGlobals) = postSolution
		SolutionGuid = {BEA556D2-6A2B-4CDC-B4D4-83D0E0E6FEC5}
	EndGlobalSection
EndGlobal
